{
  "name": "myhp",
  "version": "1.0.0",
  "lockfileVersion": 1,
  "requires": true,
  "dependencies": {
    "uikit": {
      "version": "3.1.6",
      "resolved": "https://registry.npmjs.org/uikit/-/uikit-3.1.6.tgz",
      "integrity": "sha512-S4+1kPUbBXcAc8kO8OhZRgawcp6gmMK9BSx865vsun4ul/rXwgQ95i/3hF2axchQ5Gb6ncH1VfUpfKiOfFecsA=="
    }
  }
}
